
Microsoft Visual Studio Solution File, Format Version 12.00
# Visual Studio Version 17
VisualStudioVersion = 17.9.34622.214
MinimumVisualStudioVersion = 10.0.40219.1
Project("{2150E333-8FDC-42A3-9474-1A3956D46DE8}") = "Services", "Services", "{54A53B97-8D98-4164-9ED7-97F3C6B23234}"
EndProject
Project("{2150E333-8FDC-42A3-9474-1A3956D46DE8}") = "Catalog", "Catalog", "{7DBC6BC3-561E-466F-8133-9B9E8A0141A5}"
EndProject
Project("{9A19103F-16F7-4668-BE54-9A1E7A4F7556}") = "Catalog.Api", "Services\Catalog\Catalog.Api\Catalog.Api.csproj", "{23BF7AEC-F0D8-4994-BDA7-82E312B01536}"
EndProject
Project("{E53339B2-1760-4266-BCC7-CA923CBCF16C}") = "docker-compose", "docker-compose.dcproj", "{E0EDD87F-8118-4973-8C21-67CCAA51C0EB}"
EndProject
Project("{2150E333-8FDC-42A3-9474-1A3956D46DE8}") = "Basket", "Basket", "{4B2098FF-5CCE-4EA0-B1D5-7D19E33B33AE}"
EndProject
Project("{9A19103F-16F7-4668-BE54-9A1E7A4F7556}") = "Basket.Api", "Services\Basket\Basket.Api\Basket.Api.csproj", "{6D9D9783-1A4F-44A5-8E3C-87D720C413E1}"
EndProject
Project("{2150E333-8FDC-42A3-9474-1A3956D46DE8}") = "Discount", "Discount", "{CC2FE26C-E5C5-42C5-A573-A3738359D4FA}"
EndProject
Project("{9A19103F-16F7-4668-BE54-9A1E7A4F7556}") = "Discount.Api", "Services\Discount\Discount.Api\Discount.Api.csproj", "{6E5CB458-7C91-4F7F-8BDC-9F72576BF020}"
EndProject
Project("{9A19103F-16F7-4668-BE54-9A1E7A4F7556}") = "Discount.Grpc", "Services\Discount\Discount.Grpc\Discount.Grpc.csproj", "{F41967F9-9E1D-4CCC-9BB9-F3E9F599ED32}"
EndProject
Project("{2150E333-8FDC-42A3-9474-1A3956D46DE8}") = "Ordering", "Ordering", "{AA2F7FC5-8066-44AC-B099-4738BF5EF998}"
EndProject
Project("{9A19103F-16F7-4668-BE54-9A1E7A4F7556}") = "Ordering.Api", "Services\Ordering\Ordering.Api\Ordering.Api.csproj", "{022BEDE0-F3E1-4399-ADF9-65E7C75C1BCE}"
EndProject
Project("{9A19103F-16F7-4668-BE54-9A1E7A4F7556}") = "Ordering.Domain", "Services\Ordering\Ordering.Domain\Ordering.Domain.csproj", "{A6564568-DF1E-4226-AE69-C52BB3BF4CF8}"
EndProject
Project("{9A19103F-16F7-4668-BE54-9A1E7A4F7556}") = "Ordering.Application", "Services\Ordering\Ordering.Application\Ordering.Application.csproj", "{C0045CA1-7609-4AD6-955F-6F6A779674CC}"
EndProject
Project("{9A19103F-16F7-4668-BE54-9A1E7A4F7556}") = "Ordering.Infrastructure", "Services\Ordering\Ordering.Infrastructure\Ordering.Infrastructure.csproj", "{3005B625-4BFB-4D9D-B2FE-A677EDAD6C84}"
EndProject
Project("{2150E333-8FDC-42A3-9474-1A3956D46DE8}") = "BuilingBlocks", "BuilingBlocks", "{BAF6AF17-9B1C-4D07-84C6-001A0F00B4C6}"
EndProject
Project("{9A19103F-16F7-4668-BE54-9A1E7A4F7556}") = "EventBus.Messages", "BuilingBlocks\EventBus.Messages\EventBus.Messages.csproj", "{4C635BBE-D701-4EF6-8F67-9920C9B2D310}"
EndProject
Project("{2150E333-8FDC-42A3-9474-1A3956D46DE8}") = "ApiGateWays", "ApiGateWays", "{85F066DE-70C3-4F3B-91AA-61CCC1CC8DB4}"
EndProject
Project("{FAE04EC0-301F-11D3-BF4B-00C04F79EFBC}") = "OcelotApiGateWay", "ApiGateways\OcelotApiGateWay\OcelotApiGateWay.csproj", "{E712D475-1BF1-41A7-BEA1-BC7245418A12}"
EndProject
Global
	GlobalSection(SolutionConfigurationPlatforms) = preSolution
		Debug|Any CPU = Debug|Any CPU
		Release|Any CPU = Release|Any CPU
	EndGlobalSection
	GlobalSection(ProjectConfigurationPlatforms) = postSolution
		{23BF7AEC-F0D8-4994-BDA7-82E312B01536}.Debug|Any CPU.ActiveCfg = Debug|Any CPU
		{23BF7AEC-F0D8-4994-BDA7-82E312B01536}.Debug|Any CPU.Build.0 = Debug|Any CPU
		{23BF7AEC-F0D8-4994-BDA7-82E312B01536}.Release|Any CPU.ActiveCfg = Release|Any CPU
		{23BF7AEC-F0D8-4994-BDA7-82E312B01536}.Release|Any CPU.Build.0 = Release|Any CPU
		{E0EDD87F-8118-4973-8C21-67CCAA51C0EB}.Debug|Any CPU.ActiveCfg = Debug|Any CPU
		{E0EDD87F-8118-4973-8C21-67CCAA51C0EB}.Debug|Any CPU.Build.0 = Debug|Any CPU
		{E0EDD87F-8118-4973-8C21-67CCAA51C0EB}.Release|Any CPU.ActiveCfg = Release|Any CPU
		{E0EDD87F-8118-4973-8C21-67CCAA51C0EB}.Release|Any CPU.Build.0 = Release|Any CPU
		{6D9D9783-1A4F-44A5-8E3C-87D720C413E1}.Debug|Any CPU.ActiveCfg = Debug|Any CPU
		{6D9D9783-1A4F-44A5-8E3C-87D720C413E1}.Debug|Any CPU.Build.0 = Debug|Any CPU
		{6D9D9783-1A4F-44A5-8E3C-87D720C413E1}.Release|Any CPU.ActiveCfg = Release|Any CPU
		{6D9D9783-1A4F-44A5-8E3C-87D720C413E1}.Release|Any CPU.Build.0 = Release|Any CPU
		{6E5CB458-7C91-4F7F-8BDC-9F72576BF020}.Debug|Any CPU.ActiveCfg = Debug|Any CPU
		{6E5CB458-7C91-4F7F-8BDC-9F72576BF020}.Debug|Any CPU.Build.0 = Debug|Any CPU
		{6E5CB458-7C91-4F7F-8BDC-9F72576BF020}.Release|Any CPU.ActiveCfg = Release|Any CPU
		{6E5CB458-7C91-4F7F-8BDC-9F72576BF020}.Release|Any CPU.Build.0 = Release|Any CPU
		{F41967F9-9E1D-4CCC-9BB9-F3E9F599ED32}.Debug|Any CPU.ActiveCfg = Debug|Any CPU
		{F41967F9-9E1D-4CCC-9BB9-F3E9F599ED32}.Debug|Any CPU.Build.0 = Debug|Any CPU
		{F41967F9-9E1D-4CCC-9BB9-F3E9F599ED32}.Release|Any CPU.ActiveCfg = Release|Any CPU
		{F41967F9-9E1D-4CCC-9BB9-F3E9F599ED32}.Release|Any CPU.Build.0 = Release|Any CPU
		{022BEDE0-F3E1-4399-ADF9-65E7C75C1BCE}.Debug|Any CPU.ActiveCfg = Debug|Any CPU
		{022BEDE0-F3E1-4399-ADF9-65E7C75C1BCE}.Debug|Any CPU.Build.0 = Debug|Any CPU
		{022BEDE0-F3E1-4399-ADF9-65E7C75C1BCE}.Release|Any CPU.ActiveCfg = Release|Any CPU
		{022BEDE0-F3E1-4399-ADF9-65E7C75C1BCE}.Release|Any CPU.Build.0 = Release|Any CPU
		{A6564568-DF1E-4226-AE69-C52BB3BF4CF8}.Debug|Any CPU.ActiveCfg = Debug|Any CPU
		{A6564568-DF1E-4226-AE69-C52BB3BF4CF8}.Debug|Any CPU.Build.0 = Debug|Any CPU
		{A6564568-DF1E-4226-AE69-C52BB3BF4CF8}.Release|Any CPU.ActiveCfg = Release|Any CPU
		{A6564568-DF1E-4226-AE69-C52BB3BF4CF8}.Release|Any CPU.Build.0 = Release|Any CPU
		{C0045CA1-7609-4AD6-955F-6F6A779674CC}.Debug|Any CPU.ActiveCfg = Debug|Any CPU
		{C0045CA1-7609-4AD6-955F-6F6A779674CC}.Debug|Any CPU.Build.0 = Debug|Any CPU
		{C0045CA1-7609-4AD6-955F-6F6A779674CC}.Release|Any CPU.ActiveCfg = Release|Any CPU
		{C0045CA1-7609-4AD6-955F-6F6A779674CC}.Release|Any CPU.Build.0 = Release|Any CPU
		{3005B625-4BFB-4D9D-B2FE-A677EDAD6C84}.Debug|Any CPU.ActiveCfg = Debug|Any CPU
		{3005B625-4BFB-4D9D-B2FE-A677EDAD6C84}.Debug|Any CPU.Build.0 = Debug|Any CPU
		{3005B625-4BFB-4D9D-B2FE-A677EDAD6C84}.Release|Any CPU.ActiveCfg = Release|Any CPU
		{3005B625-4BFB-4D9D-B2FE-A677EDAD6C84}.Release|Any CPU.Build.0 = Release|Any CPU
		{4C635BBE-D701-4EF6-8F67-9920C9B2D310}.Debug|Any CPU.ActiveCfg = Debug|Any CPU
		{4C635BBE-D701-4EF6-8F67-9920C9B2D310}.Debug|Any CPU.Build.0 = Debug|Any CPU
		{4C635BBE-D701-4EF6-8F67-9920C9B2D310}.Release|Any CPU.ActiveCfg = Release|Any CPU
		{4C635BBE-D701-4EF6-8F67-9920C9B2D310}.Release|Any CPU.Build.0 = Release|Any CPU
		{E712D475-1BF1-41A7-BEA1-BC7245418A12}.Debug|Any CPU.ActiveCfg = Debug|Any CPU
		{E712D475-1BF1-41A7-BEA1-BC7245418A12}.Debug|Any CPU.Build.0 = Debug|Any CPU
		{E712D475-1BF1-41A7-BEA1-BC7245418A12}.Release|Any CPU.ActiveCfg = Release|Any CPU
		{E712D475-1BF1-41A7-BEA1-BC7245418A12}.Release|Any CPU.Build.0 = Release|Any CPU
	EndGlobalSection
	GlobalSection(SolutionProperties) = preSolution
		HideSolutionNode = FALSE
	EndGlobalSection
	GlobalSection(NestedProjects) = preSolution
		{7DBC6BC3-561E-466F-8133-9B9E8A0141A5} = {54A53B97-8D98-4164-9ED7-97F3C6B23234}
		{23BF7AEC-F0D8-4994-BDA7-82E312B01536} = {7DBC6BC3-561E-466F-8133-9B9E8A0141A5}
		{4B2098FF-5CCE-4EA0-B1D5-7D19E33B33AE} = {54A53B97-8D98-4164-9ED7-97F3C6B23234}
		{6D9D9783-1A4F-44A5-8E3C-87D720C413E1} = {4B2098FF-5CCE-4EA0-B1D5-7D19E33B33AE}
		{CC2FE26C-E5C5-42C5-A573-A3738359D4FA} = {54A53B97-8D98-4164-9ED7-97F3C6B23234}
		{6E5CB458-7C91-4F7F-8BDC-9F72576BF020} = {CC2FE26C-E5C5-42C5-A573-A3738359D4FA}
		{F41967F9-9E1D-4CCC-9BB9-F3E9F599ED32} = {CC2FE26C-E5C5-42C5-A573-A3738359D4FA}
		{AA2F7FC5-8066-44AC-B099-4738BF5EF998} = {54A53B97-8D98-4164-9ED7-97F3C6B23234}
		{022BEDE0-F3E1-4399-ADF9-65E7C75C1BCE} = {AA2F7FC5-8066-44AC-B099-4738BF5EF998}
		{A6564568-DF1E-4226-AE69-C52BB3BF4CF8} = {AA2F7FC5-8066-44AC-B099-4738BF5EF998}
		{C0045CA1-7609-4AD6-955F-6F6A779674CC} = {AA2F7FC5-8066-44AC-B099-4738BF5EF998}
		{3005B625-4BFB-4D9D-B2FE-A677EDAD6C84} = {AA2F7FC5-8066-44AC-B099-4738BF5EF998}
		{4C635BBE-D701-4EF6-8F67-9920C9B2D310} = {BAF6AF17-9B1C-4D07-84C6-001A0F00B4C6}
		{E712D475-1BF1-41A7-BEA1-BC7245418A12} = {85F066DE-70C3-4F3B-91AA-61CCC1CC8DB4}
	EndGlobalSection
	GlobalSection(ExtensibilityGlobals) = postSolution
		SolutionGuid = {902757CB-2D27-4A0F-89E7-7D338416AE26}
	EndGlobalSection
EndGlobal
